
Microsoft Visual Studio Solution File, Format Version 12.00
# Visual Studio Version 16
VisualStudioVersion = 16.0.32228.343
MinimumVisualStudioVersion = 10.0.40219.1
Project("{FAE04EC0-301F-11D3-BF4B-00C04F79EFBC}") = "ConsoleApp3", "ConsoleApp3\ConsoleApp3.csproj", "{AB04AFB4-32FC-4DC8-9FC0-3C3DC980BAF1}"
EndProject
Global
	GlobalSection(SolutionConfigurationPlatforms) = preSolution
		Debug|Any CPU = Debug|Any CPU
		Release|Any CPU = Release|Any CPU
	EndGlobalSection
	GlobalSection(ProjectConfigurationPlatforms) = postSolution
		{AB04AFB4-32FC-4DC8-9FC0-3C3DC980BAF1}.Debug|Any CPU.ActiveCfg = Debug|Any CPU
		{AB04AFB4-32FC-4DC8-9FC0-3C3DC980BAF1}.Debug|Any CPU.Build.0 = Debug|Any CPU
		{AB04AFB4-32FC-4DC8-9FC0-3C3DC980BAF1}.Release|Any CPU.ActiveCfg = Release|Any CPU
		{AB04AFB4-32FC-4DC8-9FC0-3C3DC980BAF1}.Release|Any CPU.Build.0 = Release|Any CPU
	EndGlobalSection
	GlobalSection(SolutionProperties) = preSolution
		HideSolutionNode = FALSE
	EndGlobalSection
	GlobalSection(ExtensibilityGlobals) = postSolution
		SolutionGuid = {12FAD993-5DDD-486F-8349-5156AFB6CB5E}
	EndGlobalSection
EndGlobal
